
Microsoft Visual Studio Solution File, Format Version 12.00
# Visual Studio Version 17
VisualStudioVersion = 17.4.33403.182
MinimumVisualStudioVersion = 10.0.40219.1
Project("{FAE04EC0-301F-11D3-BF4B-00C04F79EFBC}") = "StoreBackEnd", "StoreBackEnd.csproj", "{095FEBB7-34E8-4938-84BC-838A8CAE3D1E}"
EndProject
Project("{00D1A9C2-B5F0-4AF3-8072-F6C62B433612}") = "Database1", "..\..\..\..\source\repos\Database1\Database1.sqlproj", "{8B643EA5-9C70-4FEB-8D0B-5052B7BF8FB4}"
EndProject
Global
	GlobalSection(SolutionConfigurationPlatforms) = preSolution
		Debug|Any CPU = Debug|Any CPU
		Release|Any CPU = Release|Any CPU
	EndGlobalSection
	GlobalSection(ProjectConfigurationPlatforms) = postSolution
		{095FEBB7-34E8-4938-84BC-838A8CAE3D1E}.Debug|Any CPU.ActiveCfg = Debug|Any CPU
		{095FEBB7-34E8-4938-84BC-838A8CAE3D1E}.Debug|Any CPU.Build.0 = Debug|Any CPU
		{095FEBB7-34E8-4938-84BC-838A8CAE3D1E}.Release|Any CPU.ActiveCfg = Release|Any CPU
		{095FEBB7-34E8-4938-84BC-838A8CAE3D1E}.Release|Any CPU.Build.0 = Release|Any CPU
		{8B643EA5-9C70-4FEB-8D0B-5052B7BF8FB4}.Debug|Any CPU.ActiveCfg = Debug|Any CPU
		{8B643EA5-9C70-4FEB-8D0B-5052B7BF8FB4}.Debug|Any CPU.Build.0 = Debug|Any CPU
		{8B643EA5-9C70-4FEB-8D0B-5052B7BF8FB4}.Debug|Any CPU.Deploy.0 = Debug|Any CPU
		{8B643EA5-9C70-4FEB-8D0B-5052B7BF8FB4}.Release|Any CPU.ActiveCfg = Release|Any CPU
		{8B643EA5-9C70-4FEB-8D0B-5052B7BF8FB4}.Release|Any CPU.Build.0 = Release|Any CPU
		{8B643EA5-9C70-4FEB-8D0B-5052B7BF8FB4}.Release|Any CPU.Deploy.0 = Release|Any CPU
	EndGlobalSection
	GlobalSection(SolutionProperties) = preSolution
		HideSolutionNode = FALSE
	EndGlobalSection
	GlobalSection(ExtensibilityGlobals) = postSolution
		SolutionGuid = {DBDD1545-07A4-436C-9063-52B70B55C264}
	EndGlobalSection
EndGlobal
